
Microsoft Visual Studio Solution File, Format Version 12.00
# Visual Studio Version 17
VisualStudioVersion = 17.4.33205.214
MinimumVisualStudioVersion = 10.0.40219.1
Project("{FAE04EC0-301F-11D3-BF4B-00C04F79EFBC}") = "TripsTrapsTrull.Android", "TripsTrapsTrull.Android\TripsTrapsTrull.Android.csproj", "{BFD93026-1A28-483F-95D6-5264E0C8DD0D}"
EndProject
Project("{FAE04EC0-301F-11D3-BF4B-00C04F79EFBC}") = "TripsTrapsTrull", "TripsTrapsTrull\TripsTrapsTrull.csproj", "{7FE2B21B-022C-4109-8BC1-EF5A4C05B99A}"
EndProject
Global
	GlobalSection(SolutionConfigurationPlatforms) = preSolution
		Debug|Any CPU = Debug|Any CPU
		Release|Any CPU = Release|Any CPU
	EndGlobalSection
	GlobalSection(ProjectConfigurationPlatforms) = postSolution
		{BFD93026-1A28-483F-95D6-5264E0C8DD0D}.Debug|Any CPU.ActiveCfg = Debug|Any CPU
		{BFD93026-1A28-483F-95D6-5264E0C8DD0D}.Debug|Any CPU.Build.0 = Debug|Any CPU
		{BFD93026-1A28-483F-95D6-5264E0C8DD0D}.Debug|Any CPU.Deploy.0 = Debug|Any CPU
		{BFD93026-1A28-483F-95D6-5264E0C8DD0D}.Release|Any CPU.ActiveCfg = Release|Any CPU
		{BFD93026-1A28-483F-95D6-5264E0C8DD0D}.Release|Any CPU.Build.0 = Release|Any CPU
		{BFD93026-1A28-483F-95D6-5264E0C8DD0D}.Release|Any CPU.Deploy.0 = Release|Any CPU
		{7FE2B21B-022C-4109-8BC1-EF5A4C05B99A}.Debug|Any CPU.ActiveCfg = Debug|Any CPU
		{7FE2B21B-022C-4109-8BC1-EF5A4C05B99A}.Debug|Any CPU.Build.0 = Debug|Any CPU
		{7FE2B21B-022C-4109-8BC1-EF5A4C05B99A}.Debug|Any CPU.Deploy.0 = Debug|Any CPU
		{7FE2B21B-022C-4109-8BC1-EF5A4C05B99A}.Release|Any CPU.ActiveCfg = Release|Any CPU
		{7FE2B21B-022C-4109-8BC1-EF5A4C05B99A}.Release|Any CPU.Build.0 = Release|Any CPU
		{7FE2B21B-022C-4109-8BC1-EF5A4C05B99A}.Release|Any CPU.Deploy.0 = Release|Any CPU
	EndGlobalSection
	GlobalSection(SolutionProperties) = preSolution
		HideSolutionNode = FALSE
	EndGlobalSection
	GlobalSection(ExtensibilityGlobals) = postSolution
		SolutionGuid = {69F2AE04-E085-4798-AA44-32CB5B50939D}
	EndGlobalSection
EndGlobal
